
Microsoft Visual Studio Solution File, Format Version 12.00
# Visual Studio Version 17
VisualStudioVersion = 17.13.35825.156 d17.13
MinimumVisualStudioVersion = 10.0.40219.1
Project("{FAE04EC0-301F-11D3-BF4B-00C04F79EFBC}") = "Türkcell_Kitaplık", "Türkcell_Kitaplık\Türkcell_Kitaplık.csproj", "{ABB923E2-2CD4-41AC-8034-A6C08538DB71}"
EndProject
Global
	GlobalSection(SolutionConfigurationPlatforms) = preSolution
		Debug|Any CPU = Debug|Any CPU
		Release|Any CPU = Release|Any CPU
	EndGlobalSection
	GlobalSection(ProjectConfigurationPlatforms) = postSolution
		{ABB923E2-2CD4-41AC-8034-A6C08538DB71}.Debug|Any CPU.ActiveCfg = Debug|Any CPU
		{ABB923E2-2CD4-41AC-8034-A6C08538DB71}.Debug|Any CPU.Build.0 = Debug|Any CPU
		{ABB923E2-2CD4-41AC-8034-A6C08538DB71}.Release|Any CPU.ActiveCfg = Release|Any CPU
		{ABB923E2-2CD4-41AC-8034-A6C08538DB71}.Release|Any CPU.Build.0 = Release|Any CPU
	EndGlobalSection
	GlobalSection(SolutionProperties) = preSolution
		HideSolutionNode = FALSE
	EndGlobalSection
	GlobalSection(ExtensibilityGlobals) = postSolution
		SolutionGuid = {BF321855-3734-4696-B3D2-2013E7405A14}
	EndGlobalSection
EndGlobal
